
Microsoft Visual Studio Solution File, Format Version 12.00
# Visual Studio 2012
Project("{FAE04EC0-301F-11D3-BF4B-00C04F79EFBC}") = "Kronometre", "Kronometre\Kronometre.csproj", "{C7FF5145-0FB9-4ECE-8AB4-07563FE07164}"
EndProject
Global
	GlobalSection(SolutionConfigurationPlatforms) = preSolution
		Debug|Any CPU = Debug|Any CPU
		Release|Any CPU = Release|Any CPU
	EndGlobalSection
	GlobalSection(ProjectConfigurationPlatforms) = postSolution
		{C7FF5145-0FB9-4ECE-8AB4-07563FE07164}.Debug|Any CPU.ActiveCfg = Debug|Any CPU
		{C7FF5145-0FB9-4ECE-8AB4-07563FE07164}.Debug|Any CPU.Build.0 = Debug|Any CPU
		{C7FF5145-0FB9-4ECE-8AB4-07563FE07164}.Release|Any CPU.ActiveCfg = Release|Any CPU
		{C7FF5145-0FB9-4ECE-8AB4-07563FE07164}.Release|Any CPU.Build.0 = Release|Any CPU
	EndGlobalSection
	GlobalSection(SolutionProperties) = preSolution
		HideSolutionNode = FALSE
	EndGlobalSection
EndGlobal
